// !$*UTF8*$!
{
	archiveVersion = 1;
	classes = {
	};
	objectVersion = 48;
	objects = {

/* Begin PBXBuildFile section */
		2C18F4332080E0CB00E98F0F /* AppDelegate.swift in Sources */ = {isa = PBXBuildFile; fileRef = 2C18F4322080E0CB00E98F0F /* AppDelegate.swift */; };
		2C18F4382080E0CB00E98F0F /* Main.storyboard in Resources */ = {isa = PBXBuildFile; fileRef = 2C18F4362080E0CB00E98F0F /* Main.storyboard */; };
		2C18F43A2080E0CB00E98F0F /* Assets.xcassets in Resources */ = {isa = PBXBuildFile; fileRef = 2C18F4392080E0CB00E98F0F /* Assets.xcassets */; };
		2C18F43D2080E0CB00E98F0F /* LaunchScreen.storyboard in Resources */ = {isa = PBXBuildFile; fileRef = 2C18F43B2080E0CB00E98F0F /* LaunchScreen.storyboard */; };
		2C18F44A2080E48E00E98F0F /* SSASideMenu.swift in Sources */ = {isa = PBXBuildFile; fileRef = 2C18F4492080E48E00E98F0F /* SSASideMenu.swift */; };
		2C18F44D2080E51E00E98F0F /* HomeVC.swift in Sources */ = {isa = PBXBuildFile; fileRef = 2C18F44C2080E51E00E98F0F /* HomeVC.swift */; };
		2C18F4522080E56300E98F0F /* LeftMenuViewController.swift in Sources */ = {isa = PBXBuildFile; fileRef = 2C18F4512080E56300E98F0F /* LeftMenuViewController.swift */; };
		2C18F4542080E6F500E98F0F /* SSASideMenuCover.png in Resources */ = {isa = PBXBuildFile; fileRef = 2C18F4532080E6F500E98F0F /* SSASideMenuCover.png */; };
		2C18F4572080EA1600E98F0F /* CalendarVC.swift in Sources */ = {isa = PBXBuildFile; fileRef = 2C18F4562080EA1600E98F0F /* CalendarVC.swift */; };
		2C1978EC2084848D005A8A6A /* FavouritesVC.swift in Sources */ = {isa = PBXBuildFile; fileRef = 2C1978EB2084848D005A8A6A /* FavouritesVC.swift */; };
		2C1978EF208484DB005A8A6A /* Contacts.swift in Sources */ = {isa = PBXBuildFile; fileRef = 2C1978EE208484DB005A8A6A /* Contacts.swift */; };
		2C1978F2208484FC005A8A6A /* TopRatedVC.swift in Sources */ = {isa = PBXBuildFile; fileRef = 2C1978F1208484FC005A8A6A /* TopRatedVC.swift */; };
		2C1993E020BECEB20061DB4E /* Alamofire.framework in Frameworks */ = {isa = PBXBuildFile; fileRef = 2C1993E120BECEB20061DB4E /* Alamofire.framework */; };
		41C1176A8BF14ACA715DDF44 /* Pods_SideMenuSwift.framework in Frameworks */ = {isa = PBXBuildFile; fileRef = 4546F70513AEE0B95A8BCC9A /* Pods_SideMenuSwift.framework */; };
/* End PBXBuildFile section */

/* Begin PBXFileReference section */
		26B68F8DDFF16B8BA38AEF34 /* Pods-SideMenuSwift.debug.xcconfig */ = {isa = PBXFileReference; includeInIndex = 1; lastKnownFileType = text.xcconfig; name = "Pods-SideMenuSwift.debug.xcconfig"; path = "Pods/Target Support Files/Pods-SideMenuSwift/Pods-SideMenuSwift.debug.xcconfig"; sourceTree = "<group>"; };
		2C18F42F2080E0CB00E98F0F /* SideMenuSwift.app */ = {isa = PBXFileReference; explicitFileType = wrapper.application; includeInIndex = 0; path = SideMenuSwift.app; sourceTree = BUILT_PRODUCTS_DIR; };
		2C18F4322080E0CB00E98F0F /* AppDelegate.swift */ = {isa = PBXFileReference; lastKnownFileType = sourcecode.swift; path = AppDelegate.swift; sourceTree = "<group>"; };
		2C18F4372080E0CB00E98F0F /* Base */ = {isa = PBXFileReference; lastKnownFileType = file.storyboard; name = Base; path = Base.lproj/Main.storyboard; sourceTree = "<group>"; };
		2C18F4392080E0CB00E98F0F /* Assets.xcassets */ = {isa = PBXFileReference; lastKnownFileType = folder.assetcatalog; path = Assets.xcassets; sourceTree = "<group>"; };
		2C18F43C2080E0CB00E98F0F /* Base */ = {isa = PBXFileReference; lastKnownFileType = file.storyboard; name = Base; path = Base.lproj/LaunchScreen.storyboard; sourceTree = "<group>"; };
		2C18F43E2080E0CB00E98F0F /* Info.plist */ = {isa = PBXFileReference; lastKnownFileType = text.plist.xml; path = Info.plist; sourceTree = "<group>"; };
		2C18F4492080E48E00E98F0F /* SSASideMenu.swift */ = {isa = PBXFileReference; fileEncoding = 4; lastKnownFileType = sourcecode.swift; path = SSASideMenu.swift; sourceTree = "<group>"; };
		2C18F44C2080E51E00E98F0F /* HomeVC.swift */ = {isa = PBXFileReference; lastKnownFileType = sourcecode.swift; path = HomeVC.swift; sourceTree = "<group>"; };
		2C18F4512080E56300E98F0F /* LeftMenuViewController.swift */ = {isa = PBXFileReference; lastKnownFileType = sourcecode.swift; path = LeftMenuViewController.swift; sourceTree = "<group>"; };
		2C18F4532080E6F500E98F0F /* SSASideMenuCover.png */ = {isa = PBXFileReference; lastKnownFileType = image.png; path = SSASideMenuCover.png; sourceTree = "<group>"; };
		2C18F4562080EA1600E98F0F /* CalendarVC.swift */ = {isa = PBXFileReference; lastKnownFileType = sourcecode.swift; path = CalendarVC.swift; sourceTree = "<group>"; };
		2C1978EB2084848D005A8A6A /* FavouritesVC.swift */ = {isa = PBXFileReference; lastKnownFileType = sourcecode.swift; path = FavouritesVC.swift; sourceTree = "<group>"; };
		2C1978EE208484DB005A8A6A /* Contacts.swift */ = {isa = PBXFileReference; lastKnownFileType = sourcecode.swift; path = Contacts.swift; sourceTree = "<group>"; };
		2C1978F1208484FC005A8A6A /* TopRatedVC.swift */ = {isa = PBXFileReference; lastKnownFileType = sourcecode.swift; path = TopRatedVC.swift; sourceTree = "<group>"; };
		2C1993E120BECEB20061DB4E /* Alamofire.framework */ = {isa = PBXFileReference; explicitFileType = wrapper.framework; path = Alamofire.framework; sourceTree = BUILT_PRODUCTS_DIR; };
		395DA5D79D108EE3CEA7670A /* Pods-SideMenuSwift.release.xcconfig */ = {isa = PBXFileReference; includeInIndex = 1; lastKnownFileType = text.xcconfig; name = "Pods-SideMenuSwift.release.xcconfig"; path = "Pods/Target Support Files/Pods-SideMenuSwift/Pods-SideMenuSwift.release.xcconfig"; sourceTree = "<group>"; };
		4546F70513AEE0B95A8BCC9A /* Pods_SideMenuSwift.framework */ = {isa = PBXFileReference; explicitFileType = wrapper.framework; includeInIndex = 0; path = Pods_SideMenuSwift.framework; sourceTree = BUILT_PRODUCTS_DIR; };
/* End PBXFileReference section */

/* Begin PBXFrameworksBuildPhase section */
		2C18F42C2080E0CB00E98F0F /* Frameworks */ = {
			isa = PBXFrameworksBuildPhase;
			buildActionMask = 2147483647;
			files = (
				2C1993E020BECEB20061DB4E /* Alamofire.framework in Frameworks */,
				41C1176A8BF14ACA715DDF44 /* Pods_SideMenuSwift.framework in Frameworks */,
			);
			runOnlyForDeploymentPostprocessing = 0;
		};
/* End PBXFrameworksBuildPhase section */

/* Begin PBXGroup section */
		2C18F4262080E0CB00E98F0F = {
			isa = PBXGroup;
			children = (
				2C18F4312080E0CB00E98F0F /* SideMenuSwift */,
				2C18F4302080E0CB00E98F0F /* Products */,
				9ED2F52BC3FCDD9BD87E5EF4 /* Pods */,
				F693A4CC7CB562CBC13DC115 /* Frameworks */,
			);
			sourceTree = "<group>";
		};
		2C18F4302080E0CB00E98F0F /* Products */ = {
			isa = PBXGroup;
			children = (
				2C18F42F2080E0CB00E98F0F /* SideMenuSwift.app */,
			);
			name = Products;
			sourceTree = "<group>";
		};
		2C18F4312080E0CB00E98F0F /* SideMenuSwift */ = {
			isa = PBXGroup;
			children = (
				2C18F4472080E0F500E98F0F /* Helpers */,
				2C18F4462080E0EC00E98F0F /* Models */,
				2C18F4452080E0E200E98F0F /* Views */,
				2C18F4442080E0D100E98F0F /* Controllers */,
				2C18F4362080E0CB00E98F0F /* Main.storyboard */,
				2C18F4392080E0CB00E98F0F /* Assets.xcassets */,
				2C18F43B2080E0CB00E98F0F /* LaunchScreen.storyboard */,
				2C18F43E2080E0CB00E98F0F /* Info.plist */,
				2C18F4532080E6F500E98F0F /* SSASideMenuCover.png */,
			);
			path = SideMenuSwift;
			sourceTree = "<group>";
		};
		2C18F4442080E0D100E98F0F /* Controllers */ = {
			isa = PBXGroup;
			children = (
				2C1978F0208484E2005A8A6A /* TopRated */,
				2C1978ED2084849D005A8A6A /* Contacts */,
				2C1978EA20848468005A8A6A /* Favourites */,
				2C18F4552080E9F600E98F0F /* CalendarVC */,
				2C18F44E2080E52600E98F0F /* MenuVC */,
				2C18F44B2080E50000E98F0F /* HomeVC */,
			);
			path = Controllers;
			sourceTree = "<group>";
		};
		2C18F4452080E0E200E98F0F /* Views */ = {
			isa = PBXGroup;
			children = (
			);
			path = Views;
			sourceTree = "<group>";
		};
		2C18F4462080E0EC00E98F0F /* Models */ = {
			isa = PBXGroup;
			children = (
				2C18F4322080E0CB00E98F0F /* AppDelegate.swift */,
			);
			path = Models;
			sourceTree = "<group>";
		};
		2C18F4472080E0F500E98F0F /* Helpers */ = {
			isa = PBXGroup;
			children = (
				2C18F4482080E12F00E98F0F /* CustomClasses */,
			);
			path = Helpers;
			sourceTree = "<group>";
		};
		2C18F4482080E12F00E98F0F /* CustomClasses */ = {
			isa = PBXGroup;
			children = (
				2C18F4492080E48E00E98F0F /* SSASideMenu.swift */,
			);
			path = CustomClasses;
			sourceTree = "<group>";
		};
		2C18F44B2080E50000E98F0F /* HomeVC */ = {
			isa = PBXGroup;
			children = (
				2C18F44C2080E51E00E98F0F /* HomeVC.swift */,
			);
			path = HomeVC;
			sourceTree = "<group>";
		};
		2C18F44E2080E52600E98F0F /* MenuVC */ = {
			isa = PBXGroup;
			children = (
				2C18F4512080E56300E98F0F /* LeftMenuViewController.swift */,
			);
			path = MenuVC;
			sourceTree = "<group>";
		};
		2C18F4552080E9F600E98F0F /* CalendarVC */ = {
			isa = PBXGroup;
			children = (
				2C18F4562080EA1600E98F0F /* CalendarVC.swift */,
			);
			path = CalendarVC;
			sourceTree = "<group>";
		};
		2C1978EA20848468005A8A6A /* Favourites */ = {
			isa = PBXGroup;
			children = (
				2C1978EB2084848D005A8A6A /* FavouritesVC.swift */,
			);
			path = Favourites;
			sourceTree = "<group>";
		};
		2C1978ED2084849D005A8A6A /* Contacts */ = {
			isa = PBXGroup;
			children = (
				2C1978EE208484DB005A8A6A /* Contacts.swift */,
			);
			path = Contacts;
			sourceTree = "<group>";
		};
		2C1978F0208484E2005A8A6A /* TopRated */ = {
			isa = PBXGroup;
			children = (
				2C1978F1208484FC005A8A6A /* TopRatedVC.swift */,
			);
			path = TopRated;
			sourceTree = "<group>";
		};
		9ED2F52BC3FCDD9BD87E5EF4 /* Pods */ = {
			isa = PBXGroup;
			children = (
				26B68F8DDFF16B8BA38AEF34 /* Pods-SideMenuSwift.debug.xcconfig */,
				395DA5D79D108EE3CEA7670A /* Pods-SideMenuSwift.release.xcconfig */,
			);
			name = Pods;
			sourceTree = "<group>";
		};
		F693A4CC7CB562CBC13DC115 /* Frameworks */ = {
			isa = PBXGroup;
			children = (
				2C1993E120BECEB20061DB4E /* Alamofire.framework */,
				4546F70513AEE0B95A8BCC9A /* Pods_SideMenuSwift.framework */,
			);
			name = Frameworks;
			sourceTree = "<group>";
		};
/* End PBXGroup section */

/* Begin PBXNativeTarget section */
		2C18F42E2080E0CB00E98F0F /* SideMenuSwift */ = {
			isa = PBXNativeTarget;
			buildConfigurationList = 2C18F4412080E0CB00E98F0F /* Build configuration list for PBXNativeTarget "SideMenuSwift" */;
			buildPhases = (
				0D83ECE384A79E114794B7F4 /* [CP] Check Pods Manifest.lock */,
				2C18F42B2080E0CB00E98F0F /* Sources */,
				2C18F42C2080E0CB00E98F0F /* Frameworks */,
				2C18F42D2080E0CB00E98F0F /* Resources */,
				5DCA091430D4E605B1854469 /* [CP] Embed Pods Frameworks */,
			);
			buildRules = (
			);
			dependencies = (
			);
			name = SideMenuSwift;
			productName = SideMenuSwift;
			productReference = 2C18F42F2080E0CB00E98F0F /* SideMenuSwift.app */;
			productType = "com.apple.product-type.application";
		};
/* End PBXNativeTarget section */

/* Begin PBXProject section */
		2C18F4272080E0CB00E98F0F /* Project object */ = {
			isa = PBXProject;
			attributes = {
				LastSwiftUpdateCheck = 0920;
				LastUpgradeCheck = 0920;
				ORGANIZATIONNAME = "Madhusudan Reddy";
				TargetAttributes = {
					2C18F42E2080E0CB00E98F0F = {
						CreatedOnToolsVersion = 9.2;
						ProvisioningStyle = Automatic;
					};
				};
			};
			buildConfigurationList = 2C18F42A2080E0CB00E98F0F /* Build configuration list for PBXProject "SideMenuSwift" */;
			compatibilityVersion = "Xcode 8.0";
			developmentRegion = en;
			hasScannedForEncodings = 0;
			knownRegions = (
				en,
				Base,
			);
			mainGroup = 2C18F4262080E0CB00E98F0F;
			productRefGroup = 2C18F4302080E0CB00E98F0F /* Products */;
			projectDirPath = "";
			projectRoot = "";
			targets = (
				2C18F42E2080E0CB00E98F0F /* SideMenuSwift */,
			);
		};
/* End PBXProject section */

/* Begin PBXResourcesBuildPhase section */
		2C18F42D2080E0CB00E98F0F /* Resources */ = {
			isa = PBXResourcesBuildPhase;
			buildActionMask = 2147483647;
			files = (
				2C18F43D2080E0CB00E98F0F /* LaunchScreen.storyboard in Resources */,
				2C18F43A2080E0CB00E98F0F /* Assets.xcassets in Resources */,
				2C18F4382080E0CB00E98F0F /* Main.storyboard in Resources */,
				2C18F4542080E6F500E98F0F /* SSASideMenuCover.png in Resources */,
			);
			runOnlyForDeploymentPostprocessing = 0;
		};
/* End PBXResourcesBuildPhase section */

/* Begin PBXShellScriptBuildPhase section */
		0D83ECE384A79E114794B7F4 /* [CP] Check Pods Manifest.lock */ = {
			isa = PBXShellScriptBuildPhase;
			buildActionMask = 2147483647;
			files = (
			);
			inputPaths = (
				"${PODS_PODFILE_DIR_PATH}/Podfile.lock",
				"${PODS_ROOT}/Manifest.lock",
			);
			name = "[CP] Check Pods Manifest.lock";
			outputPaths = (
				"$(DERIVED_FILE_DIR)/Pods-SideMenuSwift-checkManifestLockResult.txt",
			);
			runOnlyForDeploymentPostprocessing = 0;
			shellPath = /bin/sh;
			shellScript = "diff \"${PODS_PODFILE_DIR_PATH}/Podfile.lock\" \"${PODS_ROOT}/Manifest.lock\" > /dev/null\nif [ $? != 0 ] ; then\n    # print error to STDERR\n    echo \"error: The sandbox is not in sync with the Podfile.lock. Run 'pod install' or update your CocoaPods installation.\" >&2\n    exit 1\nfi\n# This output is used by Xcode 'outputs' to avoid re-running this script phase.\necho \"SUCCESS\" > \"${SCRIPT_OUTPUT_FILE_0}\"\n";
			showEnvVarsInLog = 0;
		};
		5DCA091430D4E605B1854469 /* [CP] Embed Pods Frameworks */ = {
			isa = PBXShellScriptBuildPhase;
			buildActionMask = 2147483647;
			files = (
			);
			inputPaths = (
				"${SRCROOT}/Pods/Target Support Files/Pods-SideMenuSwift/Pods-SideMenuSwift-frameworks.sh",
				"${BUILT_PRODUCTS_DIR}/Alamofire/Alamofire.framework",
			);
			name = "[CP] Embed Pods Frameworks";
			outputPaths = (
				"${TARGET_BUILD_DIR}/${FRAMEWORKS_FOLDER_PATH}/Alamofire.framework",
			);
			runOnlyForDeploymentPostprocessing = 0;
			shellPath = /bin/sh;
			shellScript = "\"${SRCROOT}/Pods/Target Support Files/Pods-SideMenuSwift/Pods-SideMenuSwift-frameworks.sh\"\n";
			showEnvVarsInLog = 0;
		};
/* End PBXShellScriptBuildPhase section */

/* Begin PBXSourcesBuildPhase section */
		2C18F42B2080E0CB00E98F0F /* Sources */ = {
			isa = PBXSourcesBuildPhase;
			buildActionMask = 2147483647;
			files = (
				2C18F4572080EA1600E98F0F /* CalendarVC.swift in Sources */,
				2C18F44D2080E51E00E98F0F /* HomeVC.swift in Sources */,
				2C1978EC2084848D005A8A6A /* FavouritesVC.swift in Sources */,
				2C18F4332080E0CB00E98F0F /* AppDelegate.swift in Sources */,
				2C18F4522080E56300E98F0F /* LeftMenuViewController.swift in Sources */,
				2C18F44A2080E48E00E98F0F /* SSASideMenu.swift in Sources */,
				2C1978EF208484DB005A8A6A /* Contacts.swift in Sources */,
				2C1978F2208484FC005A8A6A /* TopRatedVC.swift in Sources */,
			);
			runOnlyForDeploymentPostprocessing = 0;
		};
/* End PBXSourcesBuildPhase section */

/* Begin PBXVariantGroup section */
		2C18F4362080E0CB00E98F0F /* Main.storyboard */ = {
			isa = PBXVariantGroup;
			children = (
				2C18F4372080E0CB00E98F0F /* Base */,
			);
			name = Main.storyboard;
			sourceTree = "<group>";
		};
		2C18F43B2080E0CB00E98F0F /* LaunchScreen.storyboard */ = {
			isa = PBXVariantGroup;
			children = (
				2C18F43C2080E0CB00E98F0F /* Base */,
			);
			name = LaunchScreen.storyboard;
			sourceTree = "<group>";
		};
/* End PBXVariantGroup section */

/* Begin XCBuildConfiguration section */
		2C18F43F2080E0CB00E98F0F /* Debug */ = {
			isa = XCBuildConfiguration;
			buildSettings = {
				ALWAYS_SEARCH_USER_PATHS = NO;
				CLANG_ANALYZER_NONNULL = YES;
				CLANG_ANALYZER_NUMBER_OBJECT_CONVERSION = YES_AGGRESSIVE;
				CLANG_CXX_LANGUAGE_STANDARD = "gnu++14";
				CLANG_CXX_LIBRARY = "libc++";
				CLANG_ENABLE_MODULES = YES;
				CLANG_ENABLE_OBJC_ARC = YES;
				CLANG_WARN_BLOCK_CAPTURE_AUTORELEASING = YES;
				CLANG_WARN_BOOL_CONVERSION = YES;
				CLANG_WARN_COMMA = YES;
				CLANG_WARN_CONSTANT_CONVERSION = YES;
				CLANG_WARN_DIRECT_OBJC_ISA_USAGE = YES_ERROR;
				CLANG_WARN_DOCUMENTATION_COMMENTS = YES;
				CLANG_WARN_EMPTY_BODY = YES;
				CLANG_WARN_ENUM_CONVERSION = YES;
				CLANG_WARN_INFINITE_RECURSION = YES;
				CLANG_WARN_INT_CONVERSION = YES;
				CLANG_WARN_NON_LITERAL_NULL_CONVERSION = YES;
				CLANG_WARN_OBJC_LITERAL_CONVERSION = YES;
				CLANG_WARN_OBJC_ROOT_CLASS = YES_ERROR;
				CLANG_WARN_RANGE_LOOP_ANALYSIS = YES;
				CLANG_WARN_STRICT_PROTOTYPES = YES;
				CLANG_WARN_SUSPICIOUS_MOVE = YES;
				CLANG_WARN_UNGUARDED_AVAILABILITY = YES_AGGRESSIVE;
				CLANG_WARN_UNREACHABLE_CODE = YES;
				CLANG_WARN__DUPLICATE_METHOD_MATCH = YES;
				CODE_SIGN_IDENTITY = "iPhone Developer";
				COPY_PHASE_STRIP = NO;
				DEBUG_INFORMATION_FORMAT = dwarf;
				ENABLE_STRICT_OBJC_MSGSEND = YES;
				ENABLE_TESTABILITY = YES;
				GCC_C_LANGUAGE_STANDARD = gnu11;
				GCC_DYNAMIC_NO_PIC = NO;
				GCC_NO_COMMON_BLOCKS = YES;
				GCC_OPTIMIZATION_LEVEL = 0;
				GCC_PREPROCESSOR_DEFINITIONS = (
					"DEBUG=1",
					"$(inherited)",
				);
				GCC_WARN_64_TO_32_BIT_CONVERSION = YES;
				GCC_WARN_ABOUT_RETURN_TYPE = YES_ERROR;
				GCC_WARN_UNDECLARED_SELECTOR = YES;
				GCC_WARN_UNINITIALIZED_AUTOS = YES_AGGRESSIVE;
				GCC_WARN_UNUSED_FUNCTION = YES;
				GCC_WARN_UNUSED_VARIABLE = YES;
				IPHONEOS_DEPLOYMENT_TARGET = 10.0;
				MTL_ENABLE_DEBUG_INFO = YES;
				ONLY_ACTIVE_ARCH = YES;
				SDKROOT = iphoneos;
				SWIFT_ACTIVE_COMPILATION_CONDITIONS = DEBUG;
				SWIFT_OPTIMIZATION_LEVEL = "-Onone";
			};
			name = Debug;
		};
		2C18F4402080E0CB00E98F0F /* Release */ = {
			isa = XCBuildConfiguration;
			buildSettings = {
				ALWAYS_SEARCH_USER_PATHS = NO;
				CLANG_ANALYZER_NONNULL = YES;
				CLANG_ANALYZER_NUMBER_OBJECT_CONVERSION = YES_AGGRESSIVE;
				CLANG_CXX_LANGUAGE_STANDARD = "gnu++14";
				CLANG_CXX_LIBRARY = "libc++";
				CLANG_ENABLE_MODULES = YES;
				CLANG_ENABLE_OBJC_ARC = YES;
				CLANG_WARN_BLOCK_CAPTURE_AUTORELEASING = YES;
				CLANG_WARN_BOOL_CONVERSION = YES;
				CLANG_WARN_COMMA = YES;
				CLANG_WARN_CONSTANT_CONVERSION = YES;
				CLANG_WARN_DIRECT_OBJC_ISA_USAGE = YES_ERROR;
				CLANG_WARN_DOCUMENTATION_COMMENTS = YES;
				CLANG_WARN_EMPTY_BODY = YES;
				CLANG_WARN_ENUM_CONVERSION = YES;
				CLANG_WARN_INFINITE_RECURSION = YES;
				CLANG_WARN_INT_CONVERSION = YES;
				CLANG_WARN_NON_LITERAL_NULL_CONVERSION = YES;
				CLANG_WARN_OBJC_LITERAL_CONVERSION = YES;
				CLANG_WARN_OBJC_ROOT_CLASS = YES_ERROR;
				CLANG_WARN_RANGE_LOOP_ANALYSIS = YES;
				CLANG_WARN_STRICT_PROTOTYPES = YES;
				CLANG_WARN_SUSPICIOUS_MOVE = YES;
				CLANG_WARN_UNGUARDED_AVAILABILITY = YES_AGGRESSIVE;
				CLANG_WARN_UNREACHABLE_CODE = YES;
				CLANG_WARN__DUPLICATE_METHOD_MATCH = YES;
				CODE_SIGN_IDENTITY = "iPhone Developer";
				COPY_PHASE_STRIP = NO;
				DEBUG_INFORMATION_FORMAT = "dwarf-with-dsym";
				ENABLE_NS_ASSERTIONS = NO;
				ENABLE_STRICT_OBJC_MSGSEND = YES;
				GCC_C_LANGUAGE_STANDARD = gnu11;
				GCC_NO_COMMON_BLOCKS = YES;
				GCC_WARN_64_TO_32_BIT_CONVERSION = YES;
				GCC_WARN_ABOUT_RETURN_TYPE = YES_ERROR;
				GCC_WARN_UNDECLARED_SELECTOR = YES;
				GCC_WARN_UNINITIALIZED_AUTOS = YES_AGGRESSIVE;
				GCC_WARN_UNUSED_FUNCTION = YES;
				GCC_WARN_UNUSED_VARIABLE = YES;
				IPHONEOS_DEPLOYMENT_TARGET = 10.0;
				MTL_ENABLE_DEBUG_INFO = NO;
				SDKROOT = iphoneos;
				SWIFT_OPTIMIZATION_LEVEL = "-Owholemodule";
				VALIDATE_PRODUCT = YES;
			};
			name = Release;
		};
		2C18F4422080E0CB00E98F0F /* Debug */ = {
			isa = XCBuildConfiguration;
			baseConfigurationReference = 26B68F8DDFF16B8BA38AEF34 /* Pods-SideMenuSwift.debug.xcconfig */;
			buildSettings = {
				ASSETCATALOG_COMPILER_APPICON_NAME = AppIcon;
				CODE_SIGN_STYLE = Automatic;
				DEVELOPMENT_TEAM = UA8AMR83HC;
				INFOPLIST_FILE = SideMenuSwift/Info.plist;
				IPHONEOS_DEPLOYMENT_TARGET = 10.0;
				LD_RUNPATH_SEARCH_PATHS = "$(inherited) @executable_path/Frameworks";
				PRODUCT_BUNDLE_IDENTIFIER = com.black.SideMenuSwift;
				PRODUCT_NAME = "$(TARGET_NAME)";
				SWIFT_VERSION = 4.0;
				TARGETED_DEVICE_FAMILY = "1,2";
			};
			name = Debug;
		};
		2C18F4432080E0CB00E98F0F /* Release */ = {
			isa = XCBuildConfiguration;
			baseConfigurationReference = 395DA5D79D108EE3CEA7670A /* Pods-SideMenuSwift.release.xcconfig */;
			buildSettings = {
				ASSETCATALOG_COMPILER_APPICON_NAME = AppIcon;
				CODE_SIGN_STYLE = Automatic;
				DEVELOPMENT_TEAM = UA8AMR83HC;
				INFOPLIST_FILE = SideMenuSwift/Info.plist;
				IPHONEOS_DEPLOYMENT_TARGET = 10.0;
				LD_RUNPATH_SEARCH_PATHS = "$(inherited) @executable_path/Frameworks";
				PRODUCT_BUNDLE_IDENTIFIER = com.black.SideMenuSwift;
				PRODUCT_NAME = "$(TARGET_NAME)";
				SWIFT_VERSION = 4.0;
				TARGETED_DEVICE_FAMILY = "1,2";
			};
			name = Release;
		};
/* End XCBuildConfiguration section */

/* Begin XCConfigurationList section */
		2C18F42A2080E0CB00E98F0F /* Build configuration list for PBXProject "SideMenuSwift" */ = {
			isa = XCConfigurationList;
			buildConfigurations = (
				2C18F43F2080E0CB00E98F0F /* Debug */,
				2C18F4402080E0CB00E98F0F /* Release */,
			);
			defaultConfigurationIsVisible = 0;
			defaultConfigurationName = Release;
		};
		2C18F4412080E0CB00E98F0F /* Build configuration list for PBXNativeTarget "SideMenuSwift" */ = {
			isa = XCConfigurationList;
			buildConfigurations = (
				2C18F4422080E0CB00E98F0F /* Debug */,
				2C18F4432080E0CB00E98F0F /* Release */,
			);
			defaultConfigurationIsVisible = 0;
			defaultConfigurationName = Release;
		};
/* End XCConfigurationList section */
	};
	rootObject = 2C18F4272080E0CB00E98F0F /* Project object */;
}
